
Microsoft Visual Studio Solution File, Format Version 12.00
# Visual Studio 14
VisualStudioVersion = 14.0.25420.1
MinimumVisualStudioVersion = 10.0.40219.1
Project("{FAE04EC0-301F-11D3-BF4B-00C04F79EFBC}") = "Bizkasa.Bizlunch.Data.Entities", "Bizkasa.Bizlunch.Data.Entities.csproj", "{887FC978-CBEF-4A29-A16A-38EE1D5DFE53}"
EndProject
Project("{FAE04EC0-301F-11D3-BF4B-00C04F79EFBC}") = "Bizkasa.Bizlunch.Data.Reponsitory", "..\Bizkasa.Bizlunch.Data.Reponsitory\Bizkasa.Bizlunch.Data.Reponsitory.csproj", "{A71AEBBC-80AA-4AD0-A5ED-5BF2F3932CC9}"
EndProject
Project("{FAE04EC0-301F-11D3-BF4B-00C04F79EFBC}") = "Bizkasa.Bizlunch.Business.BusinessLogic", "..\Bizkasa.Bizlunch.Business.BusinessLogic\Bizkasa.Bizlunch.Business.BusinessLogic.csproj", "{5F8BE7AA-794B-43DF-9E86-B2E54CCDD2EB}"
EndProject
Project("{FAE04EC0-301F-11D3-BF4B-00C04F79EFBC}") = "Bizkasa.Bizlunch.Business.Services", "..\Bizkasa.Bizlunch.Business.Services\Bizkasa.Bizlunch.Business.Services.csproj", "{9369D6C3-E12A-4B5F-A7E1-52205B82875D}"
EndProject
Project("{FAE04EC0-301F-11D3-BF4B-00C04F79EFBC}") = "Bizkasa.Bizlunch.Presentation.MVC", "..\Bizkasa.Bizlunch.Presentation.MVC\Bizkasa.Bizlunch.Presentation.MVC.csproj", "{B4BEE686-B2C9-49F2-876D-96710D8AD46C}"
EndProject
Project("{FAE04EC0-301F-11D3-BF4B-00C04F79EFBC}") = "Bizkasa.Bizlunch.Business.Model", "..\Bizkasa.Bizlunch.Business.Model\Bizkasa.Bizlunch.Business.Model.csproj", "{9BBF35F9-C242-4394-93F1-BB77AC9F38E8}"
EndProject
Project("{FAE04EC0-301F-11D3-BF4B-00C04F79EFBC}") = "Bizkasa.Bizlunch.Data.Core", "..\Bizkasa.Bizlunch.Data.Core\Bizkasa.Bizlunch.Data.Core.csproj", "{833AFD20-BED4-4D1B-A12F-998890461D85}"
EndProject
Project("{FAE04EC0-301F-11D3-BF4B-00C04F79EFBC}") = "Bizkasa.Bizlunch.Business.Base", "..\Bizkasa.Bizlunch.Business.Base\Bizkasa.Bizlunch.Business.Base.csproj", "{D85C5368-99A9-4F05-966C-66A6BBA9BFC4}"
EndProject
Project("{FAE04EC0-301F-11D3-BF4B-00C04F79EFBC}") = "Bizkasa.Bizlunch.Business.Extention", "..\Bizkasa.Bizlunch.Business.Extension\Bizkasa.Bizlunch.Business.Extention.csproj", "{552400D7-E562-464F-99A8-024F38E6636E}"
EndProject
Project("{FAE04EC0-301F-11D3-BF4B-00C04F79EFBC}") = "Bizkasa.Bizlunch.Business.Utils", "..\Bizkasa.Bizlunch.Business.Utils\Bizkasa.Bizlunch.Business.Utils.csproj", "{7FDD6C2A-1F07-4FE7-AEE1-55D7BFB377CC}"
EndProject
Project("{262852C6-CD72-467D-83FE-5EEB1973A190}") = "Bizkasa.Bizlunch.Presentation.Android", "..\Bizkasa.Bizlunch.Presentation.Android\Bizkasa.Bizlunch.Presentation.Android.jsproj", "{09EAC784-A546-4F2F-BE13-EBBB1BA12CFC}"
EndProject
Global
	GlobalSection(SolutionConfigurationPlatforms) = preSolution
		Debug|Android = Debug|Android
		Debug|Any CPU = Debug|Any CPU
		Debug|iOS = Debug|iOS
		Debug|Windows Phone (Universal) = Debug|Windows Phone (Universal)
		Debug|Windows Phone 8 = Debug|Windows Phone 8
		Debug|Windows-AnyCPU = Debug|Windows-AnyCPU
		Debug|Windows-ARM = Debug|Windows-ARM
		Debug|Windows-x64 = Debug|Windows-x64
		Debug|Windows-x86 = Debug|Windows-x86
		Release|Android = Release|Android
		Release|Any CPU = Release|Any CPU
		Release|iOS = Release|iOS
		Release|Windows Phone (Universal) = Release|Windows Phone (Universal)
		Release|Windows Phone 8 = Release|Windows Phone 8
		Release|Windows-AnyCPU = Release|Windows-AnyCPU
		Release|Windows-ARM = Release|Windows-ARM
		Release|Windows-x64 = Release|Windows-x64
		Release|Windows-x86 = Release|Windows-x86
	EndGlobalSection
	GlobalSection(ProjectConfigurationPlatforms) = postSolution
		{887FC978-CBEF-4A29-A16A-38EE1D5DFE53}.Debug|Android.ActiveCfg = Debug|Any CPU
		{887FC978-CBEF-4A29-A16A-38EE1D5DFE53}.Debug|Android.Build.0 = Debug|Any CPU
		{887FC978-CBEF-4A29-A16A-38EE1D5DFE53}.Debug|Any CPU.ActiveCfg = Debug|Any CPU
		{887FC978-CBEF-4A29-A16A-38EE1D5DFE53}.Debug|Any CPU.Build.0 = Debug|Any CPU
		{887FC978-CBEF-4A29-A16A-38EE1D5DFE53}.Debug|iOS.ActiveCfg = Debug|Any CPU
		{887FC978-CBEF-4A29-A16A-38EE1D5DFE53}.Debug|iOS.Build.0 = Debug|Any CPU
		{887FC978-CBEF-4A29-A16A-38EE1D5DFE53}.Debug|Windows Phone (Universal).ActiveCfg = Debug|Any CPU
		{887FC978-CBEF-4A29-A16A-38EE1D5DFE53}.Debug|Windows Phone (Universal).Build.0 = Debug|Any CPU
		{887FC978-CBEF-4A29-A16A-38EE1D5DFE53}.Debug|Windows Phone 8.ActiveCfg = Debug|Any CPU
		{887FC978-CBEF-4A29-A16A-38EE1D5DFE53}.Debug|Windows Phone 8.Build.0 = Debug|Any CPU
		{887FC978-CBEF-4A29-A16A-38EE1D5DFE53}.Debug|Windows-AnyCPU.ActiveCfg = Debug|Any CPU
		{887FC978-CBEF-4A29-A16A-38EE1D5DFE53}.Debug|Windows-AnyCPU.Build.0 = Debug|Any CPU
		{887FC978-CBEF-4A29-A16A-38EE1D5DFE53}.Debug|Windows-ARM.ActiveCfg = Debug|Any CPU
		{887FC978-CBEF-4A29-A16A-38EE1D5DFE53}.Debug|Windows-ARM.Build.0 = Debug|Any CPU
		{887FC978-CBEF-4A29-A16A-38EE1D5DFE53}.Debug|Windows-x64.ActiveCfg = Debug|Any CPU
		{887FC978-CBEF-4A29-A16A-38EE1D5DFE53}.Debug|Windows-x64.Build.0 = Debug|Any CPU
		{887FC978-CBEF-4A29-A16A-38EE1D5DFE53}.Debug|Windows-x86.ActiveCfg = Debug|Any CPU
		{887FC978-CBEF-4A29-A16A-38EE1D5DFE53}.Debug|Windows-x86.Build.0 = Debug|Any CPU
		{887FC978-CBEF-4A29-A16A-38EE1D5DFE53}.Release|Android.ActiveCfg = Release|Any CPU
		{887FC978-CBEF-4A29-A16A-38EE1D5DFE53}.Release|Android.Build.0 = Release|Any CPU
		{887FC978-CBEF-4A29-A16A-38EE1D5DFE53}.Release|Any CPU.ActiveCfg = Release|Any CPU
		{887FC978-CBEF-4A29-A16A-38EE1D5DFE53}.Release|Any CPU.Build.0 = Release|Any CPU
		{887FC978-CBEF-4A29-A16A-38EE1D5DFE53}.Release|iOS.ActiveCfg = Release|Any CPU
		{887FC978-CBEF-4A29-A16A-38EE1D5DFE53}.Release|iOS.Build.0 = Release|Any CPU
		{887FC978-CBEF-4A29-A16A-38EE1D5DFE53}.Release|Windows Phone (Universal).ActiveCfg = Release|Any CPU
		{887FC978-CBEF-4A29-A16A-38EE1D5DFE53}.Release|Windows Phone (Universal).Build.0 = Release|Any CPU
		{887FC978-CBEF-4A29-A16A-38EE1D5DFE53}.Release|Windows Phone 8.ActiveCfg = Release|Any CPU
		{887FC978-CBEF-4A29-A16A-38EE1D5DFE53}.Release|Windows Phone 8.Build.0 = Release|Any CPU
		{887FC978-CBEF-4A29-A16A-38EE1D5DFE53}.Release|Windows-AnyCPU.ActiveCfg = Release|Any CPU
		{887FC978-CBEF-4A29-A16A-38EE1D5DFE53}.Release|Windows-AnyCPU.Build.0 = Release|Any CPU
		{887FC978-CBEF-4A29-A16A-38EE1D5DFE53}.Release|Windows-ARM.ActiveCfg = Release|Any CPU
		{887FC978-CBEF-4A29-A16A-38EE1D5DFE53}.Release|Windows-ARM.Build.0 = Release|Any CPU
		{887FC978-CBEF-4A29-A16A-38EE1D5DFE53}.Release|Windows-x64.ActiveCfg = Release|Any CPU
		{887FC978-CBEF-4A29-A16A-38EE1D5DFE53}.Release|Windows-x64.Build.0 = Release|Any CPU
		{887FC978-CBEF-4A29-A16A-38EE1D5DFE53}.Release|Windows-x86.ActiveCfg = Release|Any CPU
		{887FC978-CBEF-4A29-A16A-38EE1D5DFE53}.Release|Windows-x86.Build.0 = Release|Any CPU
		{A71AEBBC-80AA-4AD0-A5ED-5BF2F3932CC9}.Debug|Android.ActiveCfg = Debug|Any CPU
		{A71AEBBC-80AA-4AD0-A5ED-5BF2F3932CC9}.Debug|Android.Build.0 = Debug|Any CPU
		{A71AEBBC-80AA-4AD0-A5ED-5BF2F3932CC9}.Debug|Any CPU.ActiveCfg = Debug|Any CPU
		{A71AEBBC-80AA-4AD0-A5ED-5BF2F3932CC9}.Debug|Any CPU.Build.0 = Debug|Any CPU
		{A71AEBBC-80AA-4AD0-A5ED-5BF2F3932CC9}.Debug|iOS.ActiveCfg = Debug|Any CPU
		{A71AEBBC-80AA-4AD0-A5ED-5BF2F3932CC9}.Debug|iOS.Build.0 = Debug|Any CPU
		{A71AEBBC-80AA-4AD0-A5ED-5BF2F3932CC9}.Debug|Windows Phone (Universal).ActiveCfg = Debug|Any CPU
		{A71AEBBC-80AA-4AD0-A5ED-5BF2F3932CC9}.Debug|Windows Phone (Universal).Build.0 = Debug|Any CPU
		{A71AEBBC-80AA-4AD0-A5ED-5BF2F3932CC9}.Debug|Windows Phone 8.ActiveCfg = Debug|Any CPU
		{A71AEBBC-80AA-4AD0-A5ED-5BF2F3932CC9}.Debug|Windows Phone 8.Build.0 = Debug|Any CPU
		{A71AEBBC-80AA-4AD0-A5ED-5BF2F3932CC9}.Debug|Windows-AnyCPU.ActiveCfg = Debug|Any CPU
		{A71AEBBC-80AA-4AD0-A5ED-5BF2F3932CC9}.Debug|Windows-AnyCPU.Build.0 = Debug|Any CPU
		{A71AEBBC-80AA-4AD0-A5ED-5BF2F3932CC9}.Debug|Windows-ARM.ActiveCfg = Debug|Any CPU
		{A71AEBBC-80AA-4AD0-A5ED-5BF2F3932CC9}.Debug|Windows-ARM.Build.0 = Debug|Any CPU
		{A71AEBBC-80AA-4AD0-A5ED-5BF2F3932CC9}.Debug|Windows-x64.ActiveCfg = Debug|Any CPU
		{A71AEBBC-80AA-4AD0-A5ED-5BF2F3932CC9}.Debug|Windows-x64.Build.0 = Debug|Any CPU
		{A71AEBBC-80AA-4AD0-A5ED-5BF2F3932CC9}.Debug|Windows-x86.ActiveCfg = Debug|Any CPU
		{A71AEBBC-80AA-4AD0-A5ED-5BF2F3932CC9}.Debug|Windows-x86.Build.0 = Debug|Any CPU
		{A71AEBBC-80AA-4AD0-A5ED-5BF2F3932CC9}.Release|Android.ActiveCfg = Release|Any CPU
		{A71AEBBC-80AA-4AD0-A5ED-5BF2F3932CC9}.Release|Android.Build.0 = Release|Any CPU
		{A71AEBBC-80AA-4AD0-A5ED-5BF2F3932CC9}.Release|Any CPU.ActiveCfg = Release|Any CPU
		{A71AEBBC-80AA-4AD0-A5ED-5BF2F3932CC9}.Release|Any CPU.Build.0 = Release|Any CPU
		{A71AEBBC-80AA-4AD0-A5ED-5BF2F3932CC9}.Release|iOS.ActiveCfg = Release|Any CPU
		{A71AEBBC-80AA-4AD0-A5ED-5BF2F3932CC9}.Release|iOS.Build.0 = Release|Any CPU
		{A71AEBBC-80AA-4AD0-A5ED-5BF2F3932CC9}.Release|Windows Phone (Universal).ActiveCfg = Release|Any CPU
		{A71AEBBC-80AA-4AD0-A5ED-5BF2F3932CC9}.Release|Windows Phone (Universal).Build.0 = Release|Any CPU
		{A71AEBBC-80AA-4AD0-A5ED-5BF2F3932CC9}.Release|Windows Phone 8.ActiveCfg = Release|Any CPU
		{A71AEBBC-80AA-4AD0-A5ED-5BF2F3932CC9}.Release|Windows Phone 8.Build.0 = Release|Any CPU
		{A71AEBBC-80AA-4AD0-A5ED-5BF2F3932CC9}.Release|Windows-AnyCPU.ActiveCfg = Release|Any CPU
		{A71AEBBC-80AA-4AD0-A5ED-5BF2F3932CC9}.Release|Windows-AnyCPU.Build.0 = Release|Any CPU
		{A71AEBBC-80AA-4AD0-A5ED-5BF2F3932CC9}.Release|Windows-ARM.ActiveCfg = Release|Any CPU
		{A71AEBBC-80AA-4AD0-A5ED-5BF2F3932CC9}.Release|Windows-ARM.Build.0 = Release|Any CPU
		{A71AEBBC-80AA-4AD0-A5ED-5BF2F3932CC9}.Release|Windows-x64.ActiveCfg = Release|Any CPU
		{A71AEBBC-80AA-4AD0-A5ED-5BF2F3932CC9}.Release|Windows-x64.Build.0 = Release|Any CPU
		{A71AEBBC-80AA-4AD0-A5ED-5BF2F3932CC9}.Release|Windows-x86.ActiveCfg = Release|Any CPU
		{A71AEBBC-80AA-4AD0-A5ED-5BF2F3932CC9}.Release|Windows-x86.Build.0 = Release|Any CPU
		{5F8BE7AA-794B-43DF-9E86-B2E54CCDD2EB}.Debug|Android.ActiveCfg = Debug|Any CPU
		{5F8BE7AA-794B-43DF-9E86-B2E54CCDD2EB}.Debug|Android.Build.0 = Debug|Any CPU
		{5F8BE7AA-794B-43DF-9E86-B2E54CCDD2EB}.Debug|Any CPU.ActiveCfg = Debug|Any CPU
		{5F8BE7AA-794B-43DF-9E86-B2E54CCDD2EB}.Debug|Any CPU.Build.0 = Debug|Any CPU
		{5F8BE7AA-794B-43DF-9E86-B2E54CCDD2EB}.Debug|iOS.ActiveCfg = Debug|Any CPU
		{5F8BE7AA-794B-43DF-9E86-B2E54CCDD2EB}.Debug|iOS.Build.0 = Debug|Any CPU
		{5F8BE7AA-794B-43DF-9E86-B2E54CCDD2EB}.Debug|Windows Phone (Universal).ActiveCfg = Debug|Any CPU
		{5F8BE7AA-794B-43DF-9E86-B2E54CCDD2EB}.Debug|Windows Phone (Universal).Build.0 = Debug|Any CPU
		{5F8BE7AA-794B-43DF-9E86-B2E54CCDD2EB}.Debug|Windows Phone 8.ActiveCfg = Debug|Any CPU
		{5F8BE7AA-794B-43DF-9E86-B2E54CCDD2EB}.Debug|Windows Phone 8.Build.0 = Debug|Any CPU
		{5F8BE7AA-794B-43DF-9E86-B2E54CCDD2EB}.Debug|Windows-AnyCPU.ActiveCfg = Debug|Any CPU
		{5F8BE7AA-794B-43DF-9E86-B2E54CCDD2EB}.Debug|Windows-AnyCPU.Build.0 = Debug|Any CPU
		{5F8BE7AA-794B-43DF-9E86-B2E54CCDD2EB}.Debug|Windows-ARM.ActiveCfg = Debug|Any CPU
		{5F8BE7AA-794B-43DF-9E86-B2E54CCDD2EB}.Debug|Windows-ARM.Build.0 = Debug|Any CPU
		{5F8BE7AA-794B-43DF-9E86-B2E54CCDD2EB}.Debug|Windows-x64.ActiveCfg = Debug|Any CPU
		{5F8BE7AA-794B-43DF-9E86-B2E54CCDD2EB}.Debug|Windows-x64.Build.0 = Debug|Any CPU
		{5F8BE7AA-794B-43DF-9E86-B2E54CCDD2EB}.Debug|Windows-x86.ActiveCfg = Debug|Any CPU
		{5F8BE7AA-794B-43DF-9E86-B2E54CCDD2EB}.Debug|Windows-x86.Build.0 = Debug|Any CPU
		{5F8BE7AA-794B-43DF-9E86-B2E54CCDD2EB}.Release|Android.ActiveCfg = Release|Any CPU
		{5F8BE7AA-794B-43DF-9E86-B2E54CCDD2EB}.Release|Android.Build.0 = Release|Any CPU
		{5F8BE7AA-794B-43DF-9E86-B2E54CCDD2EB}.Release|Any CPU.ActiveCfg = Release|Any CPU
		{5F8BE7AA-794B-43DF-9E86-B2E54CCDD2EB}.Release|Any CPU.Build.0 = Release|Any CPU
		{5F8BE7AA-794B-43DF-9E86-B2E54CCDD2EB}.Release|iOS.ActiveCfg = Release|Any CPU
		{5F8BE7AA-794B-43DF-9E86-B2E54CCDD2EB}.Release|iOS.Build.0 = Release|Any CPU
		{5F8BE7AA-794B-43DF-9E86-B2E54CCDD2EB}.Release|Windows Phone (Universal).ActiveCfg = Release|Any CPU
		{5F8BE7AA-794B-43DF-9E86-B2E54CCDD2EB}.Release|Windows Phone (Universal).Build.0 = Release|Any CPU
		{5F8BE7AA-794B-43DF-9E86-B2E54CCDD2EB}.Release|Windows Phone 8.ActiveCfg = Release|Any CPU
		{5F8BE7AA-794B-43DF-9E86-B2E54CCDD2EB}.Release|Windows Phone 8.Build.0 = Release|Any CPU
		{5F8BE7AA-794B-43DF-9E86-B2E54CCDD2EB}.Release|Windows-AnyCPU.ActiveCfg = Release|Any CPU
		{5F8BE7AA-794B-43DF-9E86-B2E54CCDD2EB}.Release|Windows-AnyCPU.Build.0 = Release|Any CPU
		{5F8BE7AA-794B-43DF-9E86-B2E54CCDD2EB}.Release|Windows-ARM.ActiveCfg = Release|Any CPU
		{5F8BE7AA-794B-43DF-9E86-B2E54CCDD2EB}.Release|Windows-ARM.Build.0 = Release|Any CPU
		{5F8BE7AA-794B-43DF-9E86-B2E54CCDD2EB}.Release|Windows-x64.ActiveCfg = Release|Any CPU
		{5F8BE7AA-794B-43DF-9E86-B2E54CCDD2EB}.Release|Windows-x64.Build.0 = Release|Any CPU
		{5F8BE7AA-794B-43DF-9E86-B2E54CCDD2EB}.Release|Windows-x86.ActiveCfg = Release|Any CPU
		{5F8BE7AA-794B-43DF-9E86-B2E54CCDD2EB}.Release|Windows-x86.Build.0 = Release|Any CPU
		{9369D6C3-E12A-4B5F-A7E1-52205B82875D}.Debug|Android.ActiveCfg = Debug|Any CPU
		{9369D6C3-E12A-4B5F-A7E1-52205B82875D}.Debug|Android.Build.0 = Debug|Any CPU
		{9369D6C3-E12A-4B5F-A7E1-52205B82875D}.Debug|Any CPU.ActiveCfg = Debug|Any CPU
		{9369D6C3-E12A-4B5F-A7E1-52205B82875D}.Debug|Any CPU.Build.0 = Debug|Any CPU
		{9369D6C3-E12A-4B5F-A7E1-52205B82875D}.Debug|iOS.ActiveCfg = Debug|Any CPU
		{9369D6C3-E12A-4B5F-A7E1-52205B82875D}.Debug|iOS.Build.0 = Debug|Any CPU
		{9369D6C3-E12A-4B5F-A7E1-52205B82875D}.Debug|Windows Phone (Universal).ActiveCfg = Debug|Any CPU
		{9369D6C3-E12A-4B5F-A7E1-52205B82875D}.Debug|Windows Phone (Universal).Build.0 = Debug|Any CPU
		{9369D6C3-E12A-4B5F-A7E1-52205B82875D}.Debug|Windows Phone 8.ActiveCfg = Debug|Any CPU
		{9369D6C3-E12A-4B5F-A7E1-52205B82875D}.Debug|Windows Phone 8.Build.0 = Debug|Any CPU
		{9369D6C3-E12A-4B5F-A7E1-52205B82875D}.Debug|Windows-AnyCPU.ActiveCfg = Debug|Any CPU
		{9369D6C3-E12A-4B5F-A7E1-52205B82875D}.Debug|Windows-AnyCPU.Build.0 = Debug|Any CPU
		{9369D6C3-E12A-4B5F-A7E1-52205B82875D}.Debug|Windows-ARM.ActiveCfg = Debug|Any CPU
		{9369D6C3-E12A-4B5F-A7E1-52205B82875D}.Debug|Windows-ARM.Build.0 = Debug|Any CPU
		{9369D6C3-E12A-4B5F-A7E1-52205B82875D}.Debug|Windows-x64.ActiveCfg = Debug|Any CPU
		{9369D6C3-E12A-4B5F-A7E1-52205B82875D}.Debug|Windows-x64.Build.0 = Debug|Any CPU
		{9369D6C3-E12A-4B5F-A7E1-52205B82875D}.Debug|Windows-x86.ActiveCfg = Debug|Any CPU
		{9369D6C3-E12A-4B5F-A7E1-52205B82875D}.Debug|Windows-x86.Build.0 = Debug|Any CPU
		{9369D6C3-E12A-4B5F-A7E1-52205B82875D}.Release|Android.ActiveCfg = Release|Any CPU
		{9369D6C3-E12A-4B5F-A7E1-52205B82875D}.Release|Android.Build.0 = Release|Any CPU
		{9369D6C3-E12A-4B5F-A7E1-52205B82875D}.Release|Any CPU.ActiveCfg = Release|Any CPU
		{9369D6C3-E12A-4B5F-A7E1-52205B82875D}.Release|Any CPU.Build.0 = Release|Any CPU
		{9369D6C3-E12A-4B5F-A7E1-52205B82875D}.Release|iOS.ActiveCfg = Release|Any CPU
		{9369D6C3-E12A-4B5F-A7E1-52205B82875D}.Release|iOS.Build.0 = Release|Any CPU
		{9369D6C3-E12A-4B5F-A7E1-52205B82875D}.Release|Windows Phone (Universal).ActiveCfg = Release|Any CPU
		{9369D6C3-E12A-4B5F-A7E1-52205B82875D}.Release|Windows Phone (Universal).Build.0 = Release|Any CPU
		{9369D6C3-E12A-4B5F-A7E1-52205B82875D}.Release|Windows Phone 8.ActiveCfg = Release|Any CPU
		{9369D6C3-E12A-4B5F-A7E1-52205B82875D}.Release|Windows Phone 8.Build.0 = Release|Any CPU
		{9369D6C3-E12A-4B5F-A7E1-52205B82875D}.Release|Windows-AnyCPU.ActiveCfg = Release|Any CPU
		{9369D6C3-E12A-4B5F-A7E1-52205B82875D}.Release|Windows-AnyCPU.Build.0 = Release|Any CPU
		{9369D6C3-E12A-4B5F-A7E1-52205B82875D}.Release|Windows-ARM.ActiveCfg = Release|Any CPU
		{9369D6C3-E12A-4B5F-A7E1-52205B82875D}.Release|Windows-ARM.Build.0 = Release|Any CPU
		{9369D6C3-E12A-4B5F-A7E1-52205B82875D}.Release|Windows-x64.ActiveCfg = Release|Any CPU
		{9369D6C3-E12A-4B5F-A7E1-52205B82875D}.Release|Windows-x64.Build.0 = Release|Any CPU
		{9369D6C3-E12A-4B5F-A7E1-52205B82875D}.Release|Windows-x86.ActiveCfg = Release|Any CPU
		{9369D6C3-E12A-4B5F-A7E1-52205B82875D}.Release|Windows-x86.Build.0 = Release|Any CPU
		{B4BEE686-B2C9-49F2-876D-96710D8AD46C}.Debug|Android.ActiveCfg = Debug|Any CPU
		{B4BEE686-B2C9-49F2-876D-96710D8AD46C}.Debug|Android.Build.0 = Debug|Any CPU
		{B4BEE686-B2C9-49F2-876D-96710D8AD46C}.Debug|Any CPU.ActiveCfg = Debug|Any CPU
		{B4BEE686-B2C9-49F2-876D-96710D8AD46C}.Debug|Any CPU.Build.0 = Debug|Any CPU
		{B4BEE686-B2C9-49F2-876D-96710D8AD46C}.Debug|iOS.ActiveCfg = Debug|Any CPU
		{B4BEE686-B2C9-49F2-876D-96710D8AD46C}.Debug|iOS.Build.0 = Debug|Any CPU
		{B4BEE686-B2C9-49F2-876D-96710D8AD46C}.Debug|Windows Phone (Universal).ActiveCfg = Debug|Any CPU
		{B4BEE686-B2C9-49F2-876D-96710D8AD46C}.Debug|Windows Phone (Universal).Build.0 = Debug|Any CPU
		{B4BEE686-B2C9-49F2-876D-96710D8AD46C}.Debug|Windows Phone 8.ActiveCfg = Debug|Any CPU
		{B4BEE686-B2C9-49F2-876D-96710D8AD46C}.Debug|Windows Phone 8.Build.0 = Debug|Any CPU
		{B4BEE686-B2C9-49F2-876D-96710D8AD46C}.Debug|Windows-AnyCPU.ActiveCfg = Debug|Any CPU
		{B4BEE686-B2C9-49F2-876D-96710D8AD46C}.Debug|Windows-AnyCPU.Build.0 = Debug|Any CPU
		{B4BEE686-B2C9-49F2-876D-96710D8AD46C}.Debug|Windows-ARM.ActiveCfg = Debug|Any CPU
		{B4BEE686-B2C9-49F2-876D-96710D8AD46C}.Debug|Windows-ARM.Build.0 = Debug|Any CPU
		{B4BEE686-B2C9-49F2-876D-96710D8AD46C}.Debug|Windows-x64.ActiveCfg = Debug|Any CPU
		{B4BEE686-B2C9-49F2-876D-96710D8AD46C}.Debug|Windows-x64.Build.0 = Debug|Any CPU
		{B4BEE686-B2C9-49F2-876D-96710D8AD46C}.Debug|Windows-x86.ActiveCfg = Debug|Any CPU
		{B4BEE686-B2C9-49F2-876D-96710D8AD46C}.Debug|Windows-x86.Build.0 = Debug|Any CPU
		{B4BEE686-B2C9-49F2-876D-96710D8AD46C}.Release|Android.ActiveCfg = Release|Any CPU
		{B4BEE686-B2C9-49F2-876D-96710D8AD46C}.Release|Android.Build.0 = Release|Any CPU
		{B4BEE686-B2C9-49F2-876D-96710D8AD46C}.Release|Any CPU.ActiveCfg = Release|Any CPU
		{B4BEE686-B2C9-49F2-876D-96710D8AD46C}.Release|Any CPU.Build.0 = Release|Any CPU
		{B4BEE686-B2C9-49F2-876D-96710D8AD46C}.Release|iOS.ActiveCfg = Release|Any CPU
		{B4BEE686-B2C9-49F2-876D-96710D8AD46C}.Release|iOS.Build.0 = Release|Any CPU
		{B4BEE686-B2C9-49F2-876D-96710D8AD46C}.Release|Windows Phone (Universal).ActiveCfg = Release|Any CPU
		{B4BEE686-B2C9-49F2-876D-96710D8AD46C}.Release|Windows Phone (Universal).Build.0 = Release|Any CPU
		{B4BEE686-B2C9-49F2-876D-96710D8AD46C}.Release|Windows Phone 8.ActiveCfg = Release|Any CPU
		{B4BEE686-B2C9-49F2-876D-96710D8AD46C}.Release|Windows Phone 8.Build.0 = Release|Any CPU
		{B4BEE686-B2C9-49F2-876D-96710D8AD46C}.Release|Windows-AnyCPU.ActiveCfg = Release|Any CPU
		{B4BEE686-B2C9-49F2-876D-96710D8AD46C}.Release|Windows-AnyCPU.Build.0 = Release|Any CPU
		{B4BEE686-B2C9-49F2-876D-96710D8AD46C}.Release|Windows-ARM.ActiveCfg = Release|Any CPU
		{B4BEE686-B2C9-49F2-876D-96710D8AD46C}.Release|Windows-ARM.Build.0 = Release|Any CPU
		{B4BEE686-B2C9-49F2-876D-96710D8AD46C}.Release|Windows-x64.ActiveCfg = Release|Any CPU
		{B4BEE686-B2C9-49F2-876D-96710D8AD46C}.Release|Windows-x64.Build.0 = Release|Any CPU
		{B4BEE686-B2C9-49F2-876D-96710D8AD46C}.Release|Windows-x86.ActiveCfg = Release|Any CPU
		{B4BEE686-B2C9-49F2-876D-96710D8AD46C}.Release|Windows-x86.Build.0 = Release|Any CPU
		{9BBF35F9-C242-4394-93F1-BB77AC9F38E8}.Debug|Android.ActiveCfg = Debug|Any CPU
		{9BBF35F9-C242-4394-93F1-BB77AC9F38E8}.Debug|Android.Build.0 = Debug|Any CPU
		{9BBF35F9-C242-4394-93F1-BB77AC9F38E8}.Debug|Any CPU.ActiveCfg = Debug|Any CPU
		{9BBF35F9-C242-4394-93F1-BB77AC9F38E8}.Debug|Any CPU.Build.0 = Debug|Any CPU
		{9BBF35F9-C242-4394-93F1-BB77AC9F38E8}.Debug|iOS.ActiveCfg = Debug|Any CPU
		{9BBF35F9-C242-4394-93F1-BB77AC9F38E8}.Debug|iOS.Build.0 = Debug|Any CPU
		{9BBF35F9-C242-4394-93F1-BB77AC9F38E8}.Debug|Windows Phone (Universal).ActiveCfg = Debug|Any CPU
		{9BBF35F9-C242-4394-93F1-BB77AC9F38E8}.Debug|Windows Phone (Universal).Build.0 = Debug|Any CPU
		{9BBF35F9-C242-4394-93F1-BB77AC9F38E8}.Debug|Windows Phone 8.ActiveCfg = Debug|Any CPU
		{9BBF35F9-C242-4394-93F1-BB77AC9F38E8}.Debug|Windows Phone 8.Build.0 = Debug|Any CPU
		{9BBF35F9-C242-4394-93F1-BB77AC9F38E8}.Debug|Windows-AnyCPU.ActiveCfg = Debug|Any CPU
		{9BBF35F9-C242-4394-93F1-BB77AC9F38E8}.Debug|Windows-AnyCPU.Build.0 = Debug|Any CPU
		{9BBF35F9-C242-4394-93F1-BB77AC9F38E8}.Debug|Windows-ARM.ActiveCfg = Debug|Any CPU
		{9BBF35F9-C242-4394-93F1-BB77AC9F38E8}.Debug|Windows-ARM.Build.0 = Debug|Any CPU
		{9BBF35F9-C242-4394-93F1-BB77AC9F38E8}.Debug|Windows-x64.ActiveCfg = Debug|Any CPU
		{9BBF35F9-C242-4394-93F1-BB77AC9F38E8}.Debug|Windows-x64.Build.0 = Debug|Any CPU
		{9BBF35F9-C242-4394-93F1-BB77AC9F38E8}.Debug|Windows-x86.ActiveCfg = Debug|Any CPU
		{9BBF35F9-C242-4394-93F1-BB77AC9F38E8}.Debug|Windows-x86.Build.0 = Debug|Any CPU
		{9BBF35F9-C242-4394-93F1-BB77AC9F38E8}.Release|Android.ActiveCfg = Release|Any CPU
		{9BBF35F9-C242-4394-93F1-BB77AC9F38E8}.Release|Android.Build.0 = Release|Any CPU
		{9BBF35F9-C242-4394-93F1-BB77AC9F38E8}.Release|Any CPU.ActiveCfg = Release|Any CPU
		{9BBF35F9-C242-4394-93F1-BB77AC9F38E8}.Release|Any CPU.Build.0 = Release|Any CPU
		{9BBF35F9-C242-4394-93F1-BB77AC9F38E8}.Release|iOS.ActiveCfg = Release|Any CPU
		{9BBF35F9-C242-4394-93F1-BB77AC9F38E8}.Release|iOS.Build.0 = Release|Any CPU
		{9BBF35F9-C242-4394-93F1-BB77AC9F38E8}.Release|Windows Phone (Universal).ActiveCfg = Release|Any CPU
		{9BBF35F9-C242-4394-93F1-BB77AC9F38E8}.Release|Windows Phone (Universal).Build.0 = Release|Any CPU
		{9BBF35F9-C242-4394-93F1-BB77AC9F38E8}.Release|Windows Phone 8.ActiveCfg = Release|Any CPU
		{9BBF35F9-C242-4394-93F1-BB77AC9F38E8}.Release|Windows Phone 8.Build.0 = Release|Any CPU
		{9BBF35F9-C242-4394-93F1-BB77AC9F38E8}.Release|Windows-AnyCPU.ActiveCfg = Release|Any CPU
		{9BBF35F9-C242-4394-93F1-BB77AC9F38E8}.Release|Windows-AnyCPU.Build.0 = Release|Any CPU
		{9BBF35F9-C242-4394-93F1-BB77AC9F38E8}.Release|Windows-ARM.ActiveCfg = Release|Any CPU
		{9BBF35F9-C242-4394-93F1-BB77AC9F38E8}.Release|Windows-ARM.Build.0 = Release|Any CPU
		{9BBF35F9-C242-4394-93F1-BB77AC9F38E8}.Release|Windows-x64.ActiveCfg = Release|Any CPU
		{9BBF35F9-C242-4394-93F1-BB77AC9F38E8}.Release|Windows-x64.Build.0 = Release|Any CPU
		{9BBF35F9-C242-4394-93F1-BB77AC9F38E8}.Release|Windows-x86.ActiveCfg = Release|Any CPU
		{9BBF35F9-C242-4394-93F1-BB77AC9F38E8}.Release|Windows-x86.Build.0 = Release|Any CPU
		{833AFD20-BED4-4D1B-A12F-998890461D85}.Debug|Android.ActiveCfg = Debug|Any CPU
		{833AFD20-BED4-4D1B-A12F-998890461D85}.Debug|Android.Build.0 = Debug|Any CPU
		{833AFD20-BED4-4D1B-A12F-998890461D85}.Debug|Any CPU.ActiveCfg = Debug|Any CPU
		{833AFD20-BED4-4D1B-A12F-998890461D85}.Debug|Any CPU.Build.0 = Debug|Any CPU
		{833AFD20-BED4-4D1B-A12F-998890461D85}.Debug|iOS.ActiveCfg = Debug|Any CPU
		{833AFD20-BED4-4D1B-A12F-998890461D85}.Debug|iOS.Build.0 = Debug|Any CPU
		{833AFD20-BED4-4D1B-A12F-998890461D85}.Debug|Windows Phone (Universal).ActiveCfg = Debug|Any CPU
		{833AFD20-BED4-4D1B-A12F-998890461D85}.Debug|Windows Phone (Universal).Build.0 = Debug|Any CPU
		{833AFD20-BED4-4D1B-A12F-998890461D85}.Debug|Windows Phone 8.ActiveCfg = Debug|Any CPU
		{833AFD20-BED4-4D1B-A12F-998890461D85}.Debug|Windows Phone 8.Build.0 = Debug|Any CPU
		{833AFD20-BED4-4D1B-A12F-998890461D85}.Debug|Windows-AnyCPU.ActiveCfg = Debug|Any CPU
		{833AFD20-BED4-4D1B-A12F-998890461D85}.Debug|Windows-AnyCPU.Build.0 = Debug|Any CPU
		{833AFD20-BED4-4D1B-A12F-998890461D85}.Debug|Windows-ARM.ActiveCfg = Debug|Any CPU
		{833AFD20-BED4-4D1B-A12F-998890461D85}.Debug|Windows-ARM.Build.0 = Debug|Any CPU
		{833AFD20-BED4-4D1B-A12F-998890461D85}.Debug|Windows-x64.ActiveCfg = Debug|Any CPU
		{833AFD20-BED4-4D1B-A12F-998890461D85}.Debug|Windows-x64.Build.0 = Debug|Any CPU
		{833AFD20-BED4-4D1B-A12F-998890461D85}.Debug|Windows-x86.ActiveCfg = Debug|Any CPU
		{833AFD20-BED4-4D1B-A12F-998890461D85}.Debug|Windows-x86.Build.0 = Debug|Any CPU
		{833AFD20-BED4-4D1B-A12F-998890461D85}.Release|Android.ActiveCfg = Release|Any CPU
		{833AFD20-BED4-4D1B-A12F-998890461D85}.Release|Android.Build.0 = Release|Any CPU
		{833AFD20-BED4-4D1B-A12F-998890461D85}.Release|Any CPU.ActiveCfg = Release|Any CPU
		{833AFD20-BED4-4D1B-A12F-998890461D85}.Release|Any CPU.Build.0 = Release|Any CPU
		{833AFD20-BED4-4D1B-A12F-998890461D85}.Release|iOS.ActiveCfg = Release|Any CPU
		{833AFD20-BED4-4D1B-A12F-998890461D85}.Release|iOS.Build.0 = Release|Any CPU
		{833AFD20-BED4-4D1B-A12F-998890461D85}.Release|Windows Phone (Universal).ActiveCfg = Release|Any CPU
		{833AFD20-BED4-4D1B-A12F-998890461D85}.Release|Windows Phone (Universal).Build.0 = Release|Any CPU
		{833AFD20-BED4-4D1B-A12F-998890461D85}.Release|Windows Phone 8.ActiveCfg = Release|Any CPU
		{833AFD20-BED4-4D1B-A12F-998890461D85}.Release|Windows Phone 8.Build.0 = Release|Any CPU
		{833AFD20-BED4-4D1B-A12F-998890461D85}.Release|Windows-AnyCPU.ActiveCfg = Release|Any CPU
		{833AFD20-BED4-4D1B-A12F-998890461D85}.Release|Windows-AnyCPU.Build.0 = Release|Any CPU
		{833AFD20-BED4-4D1B-A12F-998890461D85}.Release|Windows-ARM.ActiveCfg = Release|Any CPU
		{833AFD20-BED4-4D1B-A12F-998890461D85}.Release|Windows-ARM.Build.0 = Release|Any CPU
		{833AFD20-BED4-4D1B-A12F-998890461D85}.Release|Windows-x64.ActiveCfg = Release|Any CPU
		{833AFD20-BED4-4D1B-A12F-998890461D85}.Release|Windows-x64.Build.0 = Release|Any CPU
		{833AFD20-BED4-4D1B-A12F-998890461D85}.Release|Windows-x86.ActiveCfg = Release|Any CPU
		{833AFD20-BED4-4D1B-A12F-998890461D85}.Release|Windows-x86.Build.0 = Release|Any CPU
		{D85C5368-99A9-4F05-966C-66A6BBA9BFC4}.Debug|Android.ActiveCfg = Debug|Any CPU
		{D85C5368-99A9-4F05-966C-66A6BBA9BFC4}.Debug|Android.Build.0 = Debug|Any CPU
		{D85C5368-99A9-4F05-966C-66A6BBA9BFC4}.Debug|Any CPU.ActiveCfg = Debug|Any CPU
		{D85C5368-99A9-4F05-966C-66A6BBA9BFC4}.Debug|Any CPU.Build.0 = Debug|Any CPU
		{D85C5368-99A9-4F05-966C-66A6BBA9BFC4}.Debug|iOS.ActiveCfg = Debug|Any CPU
		{D85C5368-99A9-4F05-966C-66A6BBA9BFC4}.Debug|iOS.Build.0 = Debug|Any CPU
		{D85C5368-99A9-4F05-966C-66A6BBA9BFC4}.Debug|Windows Phone (Universal).ActiveCfg = Debug|Any CPU
		{D85C5368-99A9-4F05-966C-66A6BBA9BFC4}.Debug|Windows Phone (Universal).Build.0 = Debug|Any CPU
		{D85C5368-99A9-4F05-966C-66A6BBA9BFC4}.Debug|Windows Phone 8.ActiveCfg = Debug|Any CPU
		{D85C5368-99A9-4F05-966C-66A6BBA9BFC4}.Debug|Windows Phone 8.Build.0 = Debug|Any CPU
		{D85C5368-99A9-4F05-966C-66A6BBA9BFC4}.Debug|Windows-AnyCPU.ActiveCfg = Debug|Any CPU
		{D85C5368-99A9-4F05-966C-66A6BBA9BFC4}.Debug|Windows-AnyCPU.Build.0 = Debug|Any CPU
		{D85C5368-99A9-4F05-966C-66A6BBA9BFC4}.Debug|Windows-ARM.ActiveCfg = Debug|Any CPU
		{D85C5368-99A9-4F05-966C-66A6BBA9BFC4}.Debug|Windows-ARM.Build.0 = Debug|Any CPU
		{D85C5368-99A9-4F05-966C-66A6BBA9BFC4}.Debug|Windows-x64.ActiveCfg = Debug|Any CPU
		{D85C5368-99A9-4F05-966C-66A6BBA9BFC4}.Debug|Windows-x64.Build.0 = Debug|Any CPU
		{D85C5368-99A9-4F05-966C-66A6BBA9BFC4}.Debug|Windows-x86.ActiveCfg = Debug|Any CPU
		{D85C5368-99A9-4F05-966C-66A6BBA9BFC4}.Debug|Windows-x86.Build.0 = Debug|Any CPU
		{D85C5368-99A9-4F05-966C-66A6BBA9BFC4}.Release|Android.ActiveCfg = Release|Any CPU
		{D85C5368-99A9-4F05-966C-66A6BBA9BFC4}.Release|Android.Build.0 = Release|Any CPU
		{D85C5368-99A9-4F05-966C-66A6BBA9BFC4}.Release|Any CPU.ActiveCfg = Release|Any CPU
		{D85C5368-99A9-4F05-966C-66A6BBA9BFC4}.Release|Any CPU.Build.0 = Release|Any CPU
		{D85C5368-99A9-4F05-966C-66A6BBA9BFC4}.Release|iOS.ActiveCfg = Release|Any CPU
		{D85C5368-99A9-4F05-966C-66A6BBA9BFC4}.Release|iOS.Build.0 = Release|Any CPU
		{D85C5368-99A9-4F05-966C-66A6BBA9BFC4}.Release|Windows Phone (Universal).ActiveCfg = Release|Any CPU
		{D85C5368-99A9-4F05-966C-66A6BBA9BFC4}.Release|Windows Phone (Universal).Build.0 = Release|Any CPU
		{D85C5368-99A9-4F05-966C-66A6BBA9BFC4}.Release|Windows Phone 8.ActiveCfg = Release|Any CPU
		{D85C5368-99A9-4F05-966C-66A6BBA9BFC4}.Release|Windows Phone 8.Build.0 = Release|Any CPU
		{D85C5368-99A9-4F05-966C-66A6BBA9BFC4}.Release|Windows-AnyCPU.ActiveCfg = Release|Any CPU
		{D85C5368-99A9-4F05-966C-66A6BBA9BFC4}.Release|Windows-AnyCPU.Build.0 = Release|Any CPU
		{D85C5368-99A9-4F05-966C-66A6BBA9BFC4}.Release|Windows-ARM.ActiveCfg = Release|Any CPU
		{D85C5368-99A9-4F05-966C-66A6BBA9BFC4}.Release|Windows-ARM.Build.0 = Release|Any CPU
		{D85C5368-99A9-4F05-966C-66A6BBA9BFC4}.Release|Windows-x64.ActiveCfg = Release|Any CPU
		{D85C5368-99A9-4F05-966C-66A6BBA9BFC4}.Release|Windows-x64.Build.0 = Release|Any CPU
		{D85C5368-99A9-4F05-966C-66A6BBA9BFC4}.Release|Windows-x86.ActiveCfg = Release|Any CPU
		{D85C5368-99A9-4F05-966C-66A6BBA9BFC4}.Release|Windows-x86.Build.0 = Release|Any CPU
		{552400D7-E562-464F-99A8-024F38E6636E}.Debug|Android.ActiveCfg = Debug|Any CPU
		{552400D7-E562-464F-99A8-024F38E6636E}.Debug|Android.Build.0 = Debug|Any CPU
		{552400D7-E562-464F-99A8-024F38E6636E}.Debug|Any CPU.ActiveCfg = Debug|Any CPU
		{552400D7-E562-464F-99A8-024F38E6636E}.Debug|Any CPU.Build.0 = Debug|Any CPU
		{552400D7-E562-464F-99A8-024F38E6636E}.Debug|iOS.ActiveCfg = Debug|Any CPU
		{552400D7-E562-464F-99A8-024F38E6636E}.Debug|iOS.Build.0 = Debug|Any CPU
		{552400D7-E562-464F-99A8-024F38E6636E}.Debug|Windows Phone (Universal).ActiveCfg = Debug|Any CPU
		{552400D7-E562-464F-99A8-024F38E6636E}.Debug|Windows Phone (Universal).Build.0 = Debug|Any CPU
		{552400D7-E562-464F-99A8-024F38E6636E}.Debug|Windows Phone 8.ActiveCfg = Debug|Any CPU
		{552400D7-E562-464F-99A8-024F38E6636E}.Debug|Windows Phone 8.Build.0 = Debug|Any CPU
		{552400D7-E562-464F-99A8-024F38E6636E}.Debug|Windows-AnyCPU.ActiveCfg = Debug|Any CPU
		{552400D7-E562-464F-99A8-024F38E6636E}.Debug|Windows-AnyCPU.Build.0 = Debug|Any CPU
		{552400D7-E562-464F-99A8-024F38E6636E}.Debug|Windows-ARM.ActiveCfg = Debug|Any CPU
		{552400D7-E562-464F-99A8-024F38E6636E}.Debug|Windows-ARM.Build.0 = Debug|Any CPU
		{552400D7-E562-464F-99A8-024F38E6636E}.Debug|Windows-x64.ActiveCfg = Debug|Any CPU
		{552400D7-E562-464F-99A8-024F38E6636E}.Debug|Windows-x64.Build.0 = Debug|Any CPU
		{552400D7-E562-464F-99A8-024F38E6636E}.Debug|Windows-x86.ActiveCfg = Debug|Any CPU
		{552400D7-E562-464F-99A8-024F38E6636E}.Debug|Windows-x86.Build.0 = Debug|Any CPU
		{552400D7-E562-464F-99A8-024F38E6636E}.Release|Android.ActiveCfg = Release|Any CPU
		{552400D7-E562-464F-99A8-024F38E6636E}.Release|Android.Build.0 = Release|Any CPU
		{552400D7-E562-464F-99A8-024F38E6636E}.Release|Any CPU.ActiveCfg = Release|Any CPU
		{552400D7-E562-464F-99A8-024F38E6636E}.Release|Any CPU.Build.0 = Release|Any CPU
		{552400D7-E562-464F-99A8-024F38E6636E}.Release|iOS.ActiveCfg = Release|Any CPU
		{552400D7-E562-464F-99A8-024F38E6636E}.Release|iOS.Build.0 = Release|Any CPU
		{552400D7-E562-464F-99A8-024F38E6636E}.Release|Windows Phone (Universal).ActiveCfg = Release|Any CPU
		{552400D7-E562-464F-99A8-024F38E6636E}.Release|Windows Phone (Universal).Build.0 = Release|Any CPU
		{552400D7-E562-464F-99A8-024F38E6636E}.Release|Windows Phone 8.ActiveCfg = Release|Any CPU
		{552400D7-E562-464F-99A8-024F38E6636E}.Release|Windows Phone 8.Build.0 = Release|Any CPU
		{552400D7-E562-464F-99A8-024F38E6636E}.Release|Windows-AnyCPU.ActiveCfg = Release|Any CPU
		{552400D7-E562-464F-99A8-024F38E6636E}.Release|Windows-AnyCPU.Build.0 = Release|Any CPU
		{552400D7-E562-464F-99A8-024F38E6636E}.Release|Windows-ARM.ActiveCfg = Release|Any CPU
		{552400D7-E562-464F-99A8-024F38E6636E}.Release|Windows-ARM.Build.0 = Release|Any CPU
		{552400D7-E562-464F-99A8-024F38E6636E}.Release|Windows-x64.ActiveCfg = Release|Any CPU
		{552400D7-E562-464F-99A8-024F38E6636E}.Release|Windows-x64.Build.0 = Release|Any CPU
		{552400D7-E562-464F-99A8-024F38E6636E}.Release|Windows-x86.ActiveCfg = Release|Any CPU
		{552400D7-E562-464F-99A8-024F38E6636E}.Release|Windows-x86.Build.0 = Release|Any CPU
		{7FDD6C2A-1F07-4FE7-AEE1-55D7BFB377CC}.Debug|Android.ActiveCfg = Debug|Any CPU
		{7FDD6C2A-1F07-4FE7-AEE1-55D7BFB377CC}.Debug|Android.Build.0 = Debug|Any CPU
		{7FDD6C2A-1F07-4FE7-AEE1-55D7BFB377CC}.Debug|Any CPU.ActiveCfg = Debug|Any CPU
		{7FDD6C2A-1F07-4FE7-AEE1-55D7BFB377CC}.Debug|Any CPU.Build.0 = Debug|Any CPU
		{7FDD6C2A-1F07-4FE7-AEE1-55D7BFB377CC}.Debug|iOS.ActiveCfg = Debug|Any CPU
		{7FDD6C2A-1F07-4FE7-AEE1-55D7BFB377CC}.Debug|iOS.Build.0 = Debug|Any CPU
		{7FDD6C2A-1F07-4FE7-AEE1-55D7BFB377CC}.Debug|Windows Phone (Universal).ActiveCfg = Debug|Any CPU
		{7FDD6C2A-1F07-4FE7-AEE1-55D7BFB377CC}.Debug|Windows Phone (Universal).Build.0 = Debug|Any CPU
		{7FDD6C2A-1F07-4FE7-AEE1-55D7BFB377CC}.Debug|Windows Phone 8.ActiveCfg = Debug|Any CPU
		{7FDD6C2A-1F07-4FE7-AEE1-55D7BFB377CC}.Debug|Windows Phone 8.Build.0 = Debug|Any CPU
		{7FDD6C2A-1F07-4FE7-AEE1-55D7BFB377CC}.Debug|Windows-AnyCPU.ActiveCfg = Debug|Any CPU
		{7FDD6C2A-1F07-4FE7-AEE1-55D7BFB377CC}.Debug|Windows-AnyCPU.Build.0 = Debug|Any CPU
		{7FDD6C2A-1F07-4FE7-AEE1-55D7BFB377CC}.Debug|Windows-ARM.ActiveCfg = Debug|Any CPU
		{7FDD6C2A-1F07-4FE7-AEE1-55D7BFB377CC}.Debug|Windows-ARM.Build.0 = Debug|Any CPU
		{7FDD6C2A-1F07-4FE7-AEE1-55D7BFB377CC}.Debug|Windows-x64.ActiveCfg = Debug|Any CPU
		{7FDD6C2A-1F07-4FE7-AEE1-55D7BFB377CC}.Debug|Windows-x64.Build.0 = Debug|Any CPU
		{7FDD6C2A-1F07-4FE7-AEE1-55D7BFB377CC}.Debug|Windows-x86.ActiveCfg = Debug|Any CPU
		{7FDD6C2A-1F07-4FE7-AEE1-55D7BFB377CC}.Debug|Windows-x86.Build.0 = Debug|Any CPU
		{7FDD6C2A-1F07-4FE7-AEE1-55D7BFB377CC}.Release|Android.ActiveCfg = Release|Any CPU
		{7FDD6C2A-1F07-4FE7-AEE1-55D7BFB377CC}.Release|Android.Build.0 = Release|Any CPU
		{7FDD6C2A-1F07-4FE7-AEE1-55D7BFB377CC}.Release|Any CPU.ActiveCfg = Release|Any CPU
		{7FDD6C2A-1F07-4FE7-AEE1-55D7BFB377CC}.Release|Any CPU.Build.0 = Release|Any CPU
		{7FDD6C2A-1F07-4FE7-AEE1-55D7BFB377CC}.Release|iOS.ActiveCfg = Release|Any CPU
		{7FDD6C2A-1F07-4FE7-AEE1-55D7BFB377CC}.Release|iOS.Build.0 = Release|Any CPU
		{7FDD6C2A-1F07-4FE7-AEE1-55D7BFB377CC}.Release|Windows Phone (Universal).ActiveCfg = Release|Any CPU
		{7FDD6C2A-1F07-4FE7-AEE1-55D7BFB377CC}.Release|Windows Phone (Universal).Build.0 = Release|Any CPU
		{7FDD6C2A-1F07-4FE7-AEE1-55D7BFB377CC}.Release|Windows Phone 8.ActiveCfg = Release|Any CPU
		{7FDD6C2A-1F07-4FE7-AEE1-55D7BFB377CC}.Release|Windows Phone 8.Build.0 = Release|Any CPU
		{7FDD6C2A-1F07-4FE7-AEE1-55D7BFB377CC}.Release|Windows-AnyCPU.ActiveCfg = Release|Any CPU
		{7FDD6C2A-1F07-4FE7-AEE1-55D7BFB377CC}.Release|Windows-AnyCPU.Build.0 = Release|Any CPU
		{7FDD6C2A-1F07-4FE7-AEE1-55D7BFB377CC}.Release|Windows-ARM.ActiveCfg = Release|Any CPU
		{7FDD6C2A-1F07-4FE7-AEE1-55D7BFB377CC}.Release|Windows-ARM.Build.0 = Release|Any CPU
		{7FDD6C2A-1F07-4FE7-AEE1-55D7BFB377CC}.Release|Windows-x64.ActiveCfg = Release|Any CPU
		{7FDD6C2A-1F07-4FE7-AEE1-55D7BFB377CC}.Release|Windows-x64.Build.0 = Release|Any CPU
		{7FDD6C2A-1F07-4FE7-AEE1-55D7BFB377CC}.Release|Windows-x86.ActiveCfg = Release|Any CPU
		{7FDD6C2A-1F07-4FE7-AEE1-55D7BFB377CC}.Release|Windows-x86.Build.0 = Release|Any CPU
		{09EAC784-A546-4F2F-BE13-EBBB1BA12CFC}.Debug|Android.ActiveCfg = Debug|Android
		{09EAC784-A546-4F2F-BE13-EBBB1BA12CFC}.Debug|Android.Build.0 = Debug|Android
		{09EAC784-A546-4F2F-BE13-EBBB1BA12CFC}.Debug|Android.Deploy.0 = Debug|Android
		{09EAC784-A546-4F2F-BE13-EBBB1BA12CFC}.Debug|Any CPU.ActiveCfg = Debug|Android
		{09EAC784-A546-4F2F-BE13-EBBB1BA12CFC}.Debug|iOS.ActiveCfg = Debug|iOS
		{09EAC784-A546-4F2F-BE13-EBBB1BA12CFC}.Debug|iOS.Build.0 = Debug|iOS
		{09EAC784-A546-4F2F-BE13-EBBB1BA12CFC}.Debug|iOS.Deploy.0 = Debug|iOS
		{09EAC784-A546-4F2F-BE13-EBBB1BA12CFC}.Debug|Windows Phone (Universal).ActiveCfg = Debug|Windows Phone (Universal)
		{09EAC784-A546-4F2F-BE13-EBBB1BA12CFC}.Debug|Windows Phone (Universal).Build.0 = Debug|Windows Phone (Universal)
		{09EAC784-A546-4F2F-BE13-EBBB1BA12CFC}.Debug|Windows Phone (Universal).Deploy.0 = Debug|Windows Phone (Universal)
		{09EAC784-A546-4F2F-BE13-EBBB1BA12CFC}.Debug|Windows Phone 8.ActiveCfg = Debug|Windows Phone 8
		{09EAC784-A546-4F2F-BE13-EBBB1BA12CFC}.Debug|Windows Phone 8.Build.0 = Debug|Windows Phone 8
		{09EAC784-A546-4F2F-BE13-EBBB1BA12CFC}.Debug|Windows Phone 8.Deploy.0 = Debug|Windows Phone 8
		{09EAC784-A546-4F2F-BE13-EBBB1BA12CFC}.Debug|Windows-AnyCPU.ActiveCfg = Debug|Windows-AnyCPU
		{09EAC784-A546-4F2F-BE13-EBBB1BA12CFC}.Debug|Windows-AnyCPU.Build.0 = Debug|Windows-AnyCPU
		{09EAC784-A546-4F2F-BE13-EBBB1BA12CFC}.Debug|Windows-AnyCPU.Deploy.0 = Debug|Windows-AnyCPU
		{09EAC784-A546-4F2F-BE13-EBBB1BA12CFC}.Debug|Windows-ARM.ActiveCfg = Debug|Windows-ARM
		{09EAC784-A546-4F2F-BE13-EBBB1BA12CFC}.Debug|Windows-ARM.Build.0 = Debug|Windows-ARM
		{09EAC784-A546-4F2F-BE13-EBBB1BA12CFC}.Debug|Windows-ARM.Deploy.0 = Debug|Windows-ARM
		{09EAC784-A546-4F2F-BE13-EBBB1BA12CFC}.Debug|Windows-x64.ActiveCfg = Debug|Windows-x64
		{09EAC784-A546-4F2F-BE13-EBBB1BA12CFC}.Debug|Windows-x64.Build.0 = Debug|Windows-x64
		{09EAC784-A546-4F2F-BE13-EBBB1BA12CFC}.Debug|Windows-x64.Deploy.0 = Debug|Windows-x64
		{09EAC784-A546-4F2F-BE13-EBBB1BA12CFC}.Debug|Windows-x86.ActiveCfg = Debug|Windows-x86
		{09EAC784-A546-4F2F-BE13-EBBB1BA12CFC}.Debug|Windows-x86.Build.0 = Debug|Windows-x86
		{09EAC784-A546-4F2F-BE13-EBBB1BA12CFC}.Debug|Windows-x86.Deploy.0 = Debug|Windows-x86
		{09EAC784-A546-4F2F-BE13-EBBB1BA12CFC}.Release|Android.ActiveCfg = Release|Android
		{09EAC784-A546-4F2F-BE13-EBBB1BA12CFC}.Release|Android.Build.0 = Release|Android
		{09EAC784-A546-4F2F-BE13-EBBB1BA12CFC}.Release|Android.Deploy.0 = Release|Android
		{09EAC784-A546-4F2F-BE13-EBBB1BA12CFC}.Release|Any CPU.ActiveCfg = Release|Android
		{09EAC784-A546-4F2F-BE13-EBBB1BA12CFC}.Release|iOS.ActiveCfg = Release|iOS
		{09EAC784-A546-4F2F-BE13-EBBB1BA12CFC}.Release|iOS.Build.0 = Release|iOS
		{09EAC784-A546-4F2F-BE13-EBBB1BA12CFC}.Release|iOS.Deploy.0 = Release|iOS
		{09EAC784-A546-4F2F-BE13-EBBB1BA12CFC}.Release|Windows Phone (Universal).ActiveCfg = Release|Windows Phone (Universal)
		{09EAC784-A546-4F2F-BE13-EBBB1BA12CFC}.Release|Windows Phone (Universal).Build.0 = Release|Windows Phone (Universal)
		{09EAC784-A546-4F2F-BE13-EBBB1BA12CFC}.Release|Windows Phone (Universal).Deploy.0 = Release|Windows Phone (Universal)
		{09EAC784-A546-4F2F-BE13-EBBB1BA12CFC}.Release|Windows Phone 8.ActiveCfg = Release|Windows Phone 8
		{09EAC784-A546-4F2F-BE13-EBBB1BA12CFC}.Release|Windows Phone 8.Build.0 = Release|Windows Phone 8
		{09EAC784-A546-4F2F-BE13-EBBB1BA12CFC}.Release|Windows Phone 8.Deploy.0 = Release|Windows Phone 8
		{09EAC784-A546-4F2F-BE13-EBBB1BA12CFC}.Release|Windows-AnyCPU.ActiveCfg = Release|Windows-AnyCPU
		{09EAC784-A546-4F2F-BE13-EBBB1BA12CFC}.Release|Windows-AnyCPU.Build.0 = Release|Windows-AnyCPU
		{09EAC784-A546-4F2F-BE13-EBBB1BA12CFC}.Release|Windows-AnyCPU.Deploy.0 = Release|Windows-AnyCPU
		{09EAC784-A546-4F2F-BE13-EBBB1BA12CFC}.Release|Windows-ARM.ActiveCfg = Release|Windows-ARM
		{09EAC784-A546-4F2F-BE13-EBBB1BA12CFC}.Release|Windows-ARM.Build.0 = Release|Windows-ARM
		{09EAC784-A546-4F2F-BE13-EBBB1BA12CFC}.Release|Windows-ARM.Deploy.0 = Release|Windows-ARM
		{09EAC784-A546-4F2F-BE13-EBBB1BA12CFC}.Release|Windows-x64.ActiveCfg = Release|Windows-x64
		{09EAC784-A546-4F2F-BE13-EBBB1BA12CFC}.Release|Windows-x64.Build.0 = Release|Windows-x64
		{09EAC784-A546-4F2F-BE13-EBBB1BA12CFC}.Release|Windows-x64.Deploy.0 = Release|Windows-x64
		{09EAC784-A546-4F2F-BE13-EBBB1BA12CFC}.Release|Windows-x86.ActiveCfg = Release|Windows-x86
		{09EAC784-A546-4F2F-BE13-EBBB1BA12CFC}.Release|Windows-x86.Build.0 = Release|Windows-x86
		{09EAC784-A546-4F2F-BE13-EBBB1BA12CFC}.Release|Windows-x86.Deploy.0 = Release|Windows-x86
	EndGlobalSection
	GlobalSection(SolutionProperties) = preSolution
		HideSolutionNode = FALSE
	EndGlobalSection
EndGlobal
